
Microsoft Visual Studio Solution File, Format Version 12.00
# Visual Studio Version 16
VisualStudioVersion = 16.0.31911.196
MinimumVisualStudioVersion = 10.0.40219.1
Project("{FAE04EC0-301F-11D3-BF4B-00C04F79EFBC}") = "ElectricBillCalcGui", "ElectricBillCalcGui\ElectricBillCalcGui.csproj", "{E4912780-E0B4-42C0-AB46-A523291124FD}"
EndProject
Project("{FAE04EC0-301F-11D3-BF4B-00C04F79EFBC}") = "CustomerData", "CustomerData\CustomerData.csproj", "{414809FD-041F-4FF0-B726-B0B74BC4DFB0}"
EndProject
Project("{FAE04EC0-301F-11D3-BF4B-00C04F79EFBC}") = "CustomerDataTests", "CustomerDataTests\CustomerDataTests.csproj", "{C776BFBE-E5E3-48AC-83D4-50F8EF3CD53D}"
EndProject
Global
	GlobalSection(SolutionConfigurationPlatforms) = preSolution
		Debug|Any CPU = Debug|Any CPU
		Release|Any CPU = Release|Any CPU
	EndGlobalSection
	GlobalSection(ProjectConfigurationPlatforms) = postSolution
		{E4912780-E0B4-42C0-AB46-A523291124FD}.Debug|Any CPU.ActiveCfg = Debug|Any CPU
		{E4912780-E0B4-42C0-AB46-A523291124FD}.Debug|Any CPU.Build.0 = Debug|Any CPU
		{E4912780-E0B4-42C0-AB46-A523291124FD}.Release|Any CPU.ActiveCfg = Release|Any CPU
		{E4912780-E0B4-42C0-AB46-A523291124FD}.Release|Any CPU.Build.0 = Release|Any CPU
		{414809FD-041F-4FF0-B726-B0B74BC4DFB0}.Debug|Any CPU.ActiveCfg = Debug|Any CPU
		{414809FD-041F-4FF0-B726-B0B74BC4DFB0}.Debug|Any CPU.Build.0 = Debug|Any CPU
		{414809FD-041F-4FF0-B726-B0B74BC4DFB0}.Release|Any CPU.ActiveCfg = Release|Any CPU
		{414809FD-041F-4FF0-B726-B0B74BC4DFB0}.Release|Any CPU.Build.0 = Release|Any CPU
		{C776BFBE-E5E3-48AC-83D4-50F8EF3CD53D}.Debug|Any CPU.ActiveCfg = Debug|Any CPU
		{C776BFBE-E5E3-48AC-83D4-50F8EF3CD53D}.Debug|Any CPU.Build.0 = Debug|Any CPU
		{C776BFBE-E5E3-48AC-83D4-50F8EF3CD53D}.Release|Any CPU.ActiveCfg = Release|Any CPU
		{C776BFBE-E5E3-48AC-83D4-50F8EF3CD53D}.Release|Any CPU.Build.0 = Release|Any CPU
	EndGlobalSection
	GlobalSection(SolutionProperties) = preSolution
		HideSolutionNode = FALSE
	EndGlobalSection
	GlobalSection(ExtensibilityGlobals) = postSolution
		SolutionGuid = {4F05D63A-BD72-4EC5-BB1D-EB36C43F619F}
	EndGlobalSection
EndGlobal
